
Microsoft Visual Studio Solution File, Format Version 12.00
# Visual Studio Version 17
VisualStudioVersion = 17.4.33122.133
MinimumVisualStudioVersion = 10.0.40219.1
Project("{FAE04EC0-301F-11D3-BF4B-00C04F79EFBC}") = "Demo-WinUI", "Demo-WinUI\Demo-WinUI.csproj", "{28CEBE86-06C4-42B3-BEC9-8A8C40D2C83A}"
EndProject
Global
	GlobalSection(SolutionConfigurationPlatforms) = preSolution
		Debug|ARM64 = Debug|ARM64
		Debug|x64 = Debug|x64
		Debug|x86 = Debug|x86
		Release|ARM64 = Release|ARM64
		Release|x64 = Release|x64
		Release|x86 = Release|x86
	EndGlobalSection
	GlobalSection(ProjectConfigurationPlatforms) = postSolution
		{28CEBE86-06C4-42B3-BEC9-8A8C40D2C83A}.Debug|ARM64.ActiveCfg = Debug|ARM64
		{28CEBE86-06C4-42B3-BEC9-8A8C40D2C83A}.Debug|ARM64.Build.0 = Debug|ARM64
		{28CEBE86-06C4-42B3-BEC9-8A8C40D2C83A}.Debug|ARM64.Deploy.0 = Debug|ARM64
		{28CEBE86-06C4-42B3-BEC9-8A8C40D2C83A}.Debug|x64.ActiveCfg = Debug|x64
		{28CEBE86-06C4-42B3-BEC9-8A8C40D2C83A}.Debug|x64.Build.0 = Debug|x64
		{28CEBE86-06C4-42B3-BEC9-8A8C40D2C83A}.Debug|x64.Deploy.0 = Debug|x64
		{28CEBE86-06C4-42B3-BEC9-8A8C40D2C83A}.Debug|x86.ActiveCfg = Debug|x86
		{28CEBE86-06C4-42B3-BEC9-8A8C40D2C83A}.Debug|x86.Build.0 = Debug|x86
		{28CEBE86-06C4-42B3-BEC9-8A8C40D2C83A}.Debug|x86.Deploy.0 = Debug|x86
		{28CEBE86-06C4-42B3-BEC9-8A8C40D2C83A}.Release|ARM64.ActiveCfg = Release|ARM64
		{28CEBE86-06C4-42B3-BEC9-8A8C40D2C83A}.Release|ARM64.Build.0 = Release|ARM64
		{28CEBE86-06C4-42B3-BEC9-8A8C40D2C83A}.Release|ARM64.Deploy.0 = Release|ARM64
		{28CEBE86-06C4-42B3-BEC9-8A8C40D2C83A}.Release|x64.ActiveCfg = Release|x64
		{28CEBE86-06C4-42B3-BEC9-8A8C40D2C83A}.Release|x64.Build.0 = Release|x64
		{28CEBE86-06C4-42B3-BEC9-8A8C40D2C83A}.Release|x64.Deploy.0 = Release|x64
		{28CEBE86-06C4-42B3-BEC9-8A8C40D2C83A}.Release|x86.ActiveCfg = Release|x86
		{28CEBE86-06C4-42B3-BEC9-8A8C40D2C83A}.Release|x86.Build.0 = Release|x86
		{28CEBE86-06C4-42B3-BEC9-8A8C40D2C83A}.Release|x86.Deploy.0 = Release|x86
	EndGlobalSection
	GlobalSection(SolutionProperties) = preSolution
		HideSolutionNode = FALSE
	EndGlobalSection
	GlobalSection(ExtensibilityGlobals) = postSolution
		SolutionGuid = {8B01C7CA-A20C-4B84-815A-3F3519AACB3A}
	EndGlobalSection
EndGlobal
