
Microsoft Visual Studio Solution File, Format Version 12.00
# Visual Studio Version 17
VisualStudioVersion = 17.0.31903.59
MinimumVisualStudioVersion = 10.0.40219.1
Project("{FAE04EC0-301F-11D3-BF4B-00C04F79EFBC}") = "Demo-WinForms", "Demo-WinForms.csproj", "{A3AD57D8-ED64-40DB-8EB1-F4E1B8EF18FD}"
EndProject
Global
	GlobalSection(SolutionConfigurationPlatforms) = preSolution
		Debug|Any CPU = Debug|Any CPU
		Release|Any CPU = Release|Any CPU
	EndGlobalSection
	GlobalSection(ProjectConfigurationPlatforms) = postSolution
		{A3AD57D8-ED64-40DB-8EB1-F4E1B8EF18FD}.Debug|Any CPU.ActiveCfg = Debug|Any CPU
		{A3AD57D8-ED64-40DB-8EB1-F4E1B8EF18FD}.Debug|Any CPU.Build.0 = Debug|Any CPU
		{A3AD57D8-ED64-40DB-8EB1-F4E1B8EF18FD}.Release|Any CPU.ActiveCfg = Release|Any CPU
		{A3AD57D8-ED64-40DB-8EB1-F4E1B8EF18FD}.Release|Any CPU.Build.0 = Release|Any CPU
	EndGlobalSection
	GlobalSection(SolutionProperties) = preSolution
		HideSolutionNode = FALSE
	EndGlobalSection
	GlobalSection(ExtensibilityGlobals) = postSolution
		SolutionGuid = {0CCE4B82-DC41-4CAA-9643-0130009B5A28}
	EndGlobalSection
EndGlobal
