
Microsoft Visual Studio Solution File, Format Version 12.00
# Visual Studio Version 17
VisualStudioVersion = 17.0.31903.59
MinimumVisualStudioVersion = 10.0.40219.1
Project("{FAE04EC0-301F-11D3-BF4B-00C04F79EFBC}") = "Demo-QRCode-Variety", "Demo-QRCode-Variety.csproj", "{CE334406-7A4A-4455-889B-200DEBB6C08C}"
EndProject
Global
	GlobalSection(SolutionConfigurationPlatforms) = preSolution
		Debug|Any CPU = Debug|Any CPU
		Release|Any CPU = Release|Any CPU
	EndGlobalSection
	GlobalSection(ProjectConfigurationPlatforms) = postSolution
		{CE334406-7A4A-4455-889B-200DEBB6C08C}.Debug|Any CPU.ActiveCfg = Debug|Any CPU
		{CE334406-7A4A-4455-889B-200DEBB6C08C}.Debug|Any CPU.Build.0 = Debug|Any CPU
		{CE334406-7A4A-4455-889B-200DEBB6C08C}.Release|Any CPU.ActiveCfg = Release|Any CPU
		{CE334406-7A4A-4455-889B-200DEBB6C08C}.Release|Any CPU.Build.0 = Release|Any CPU
	EndGlobalSection
	GlobalSection(SolutionProperties) = preSolution
		HideSolutionNode = FALSE
	EndGlobalSection
	GlobalSection(ExtensibilityGlobals) = postSolution
		SolutionGuid = {BB8EAC9D-6D83-4A9C-A867-300B9DD2B793}
	EndGlobalSection
EndGlobal
