
Microsoft Visual Studio Solution File, Format Version 12.00
# Visual Studio Version 16
VisualStudioVersion = 16.0.30611.23
MinimumVisualStudioVersion = 10.0.40219.1
Project("{9A19103F-16F7-4668-BE54-9A1E7A4F7556}") = "QrCodeGeneratorDemo", "QrCodeGeneratorDemo.csproj", "{BBB1A4A6-D82E-4233-8FC9-9300F9576FD2}"
EndProject
Global
	GlobalSection(SolutionConfigurationPlatforms) = preSolution
		Debug|Any CPU = Debug|Any CPU
		Release|Any CPU = Release|Any CPU
	EndGlobalSection
	GlobalSection(ProjectConfigurationPlatforms) = postSolution
		{BBB1A4A6-D82E-4233-8FC9-9300F9576FD2}.Debug|Any CPU.ActiveCfg = Debug|Any CPU
		{BBB1A4A6-D82E-4233-8FC9-9300F9576FD2}.Debug|Any CPU.Build.0 = Debug|Any CPU
		{BBB1A4A6-D82E-4233-8FC9-9300F9576FD2}.Release|Any CPU.ActiveCfg = Release|Any CPU
		{BBB1A4A6-D82E-4233-8FC9-9300F9576FD2}.Release|Any CPU.Build.0 = Release|Any CPU
	EndGlobalSection
	GlobalSection(SolutionProperties) = preSolution
		HideSolutionNode = FALSE
	EndGlobalSection
	GlobalSection(ExtensibilityGlobals) = postSolution
		SolutionGuid = {94BC47F9-3AE8-471A-AC3F-CDEFA1B21089}
	EndGlobalSection
EndGlobal
