
Microsoft Visual Studio Solution File, Format Version 12.00
# Visual Studio Version 17
VisualStudioVersion = 17.0.31919.166
MinimumVisualStudioVersion = 10.0.40219.1
Project("{FAE04EC0-301F-11D3-BF4B-00C04F79EFBC}") = "Demo-ASP.NET-Core", "Demo-ASP.NET-Core.csproj", "{8EA82CD7-A88E-4A93-94B0-FA0C7DD1C7F1}"
EndProject
Global
	GlobalSection(SolutionConfigurationPlatforms) = preSolution
		Debug|Any CPU = Debug|Any CPU
		Release|Any CPU = Release|Any CPU
	EndGlobalSection
	GlobalSection(ProjectConfigurationPlatforms) = postSolution
		{8EA82CD7-A88E-4A93-94B0-FA0C7DD1C7F1}.Debug|Any CPU.ActiveCfg = Debug|Any CPU
		{8EA82CD7-A88E-4A93-94B0-FA0C7DD1C7F1}.Debug|Any CPU.Build.0 = Debug|Any CPU
		{8EA82CD7-A88E-4A93-94B0-FA0C7DD1C7F1}.Release|Any CPU.ActiveCfg = Release|Any CPU
		{8EA82CD7-A88E-4A93-94B0-FA0C7DD1C7F1}.Release|Any CPU.Build.0 = Release|Any CPU
	EndGlobalSection
	GlobalSection(SolutionProperties) = preSolution
		HideSolutionNode = FALSE
	EndGlobalSection
	GlobalSection(ExtensibilityGlobals) = postSolution
		SolutionGuid = {2902DABB-C256-46C5-AF46-35600F5F7A0E}
	EndGlobalSection
EndGlobal
